
Microsoft Visual Studio Solution File, Format Version 12.00
# Visual Studio 15
VisualStudioVersion = 15.0.27130.2010
MinimumVisualStudioVersion = 10.0.40219.1
Project("{FAE04EC0-301F-11D3-BF4B-00C04F79EFBC}") = "CatConverter", "CatConverter\CatConverter.csproj", "{CCA41B39-7F81-405B-A3EF-39866999A423}"
EndProject
Global
	GlobalSection(SolutionConfigurationPlatforms) = preSolution
		Debug|Any CPU = Debug|Any CPU
		Release|Any CPU = Release|Any CPU
	EndGlobalSection
	GlobalSection(ProjectConfigurationPlatforms) = postSolution
		{CCA41B39-7F81-405B-A3EF-39866999A423}.Debug|Any CPU.ActiveCfg = Debug|Any CPU
		{CCA41B39-7F81-405B-A3EF-39866999A423}.Debug|Any CPU.Build.0 = Debug|Any CPU
		{CCA41B39-7F81-405B-A3EF-39866999A423}.Release|Any CPU.ActiveCfg = Release|Any CPU
		{CCA41B39-7F81-405B-A3EF-39866999A423}.Release|Any CPU.Build.0 = Release|Any CPU
	EndGlobalSection
	GlobalSection(SolutionProperties) = preSolution
		HideSolutionNode = FALSE
	EndGlobalSection
	GlobalSection(ExtensibilityGlobals) = postSolution
		SolutionGuid = {D54ED66B-676F-4698-A8AB-4927650C9982}
	EndGlobalSection
EndGlobal
